
Microsoft Visual Studio Solution File, Format Version 12.00
# Visual Studio Version 17
VisualStudioVersion = 17.5.33516.290
MinimumVisualStudioVersion = 10.0.40219.1
Project("{FAE04EC0-301F-11D3-BF4B-00C04F79EFBC}") = "ExcelWebAddIn1", "ExcelWebAddIn1\ExcelWebAddIn1.csproj", "{EEE8F118-9A3C-4A96-91BB-DAC3D8466180}"
EndProject
Project("{FAE04EC0-301F-11D3-BF4B-00C04F79EFBC}") = "ExcelWebAddIn1Web", "ExcelWebAddIn1Web\ExcelWebAddIn1Web.csproj", "{419E8950-9BD0-4BCC-A9D0-0A7478AB4755}"
EndProject
Global
	GlobalSection(SolutionConfigurationPlatforms) = preSolution
		Debug|Any CPU = Debug|Any CPU
		Release|Any CPU = Release|Any CPU
	EndGlobalSection
	GlobalSection(ProjectConfigurationPlatforms) = postSolution
		{EEE8F118-9A3C-4A96-91BB-DAC3D8466180}.Debug|Any CPU.ActiveCfg = Debug|Any CPU
		{EEE8F118-9A3C-4A96-91BB-DAC3D8466180}.Debug|Any CPU.Build.0 = Debug|Any CPU
		{EEE8F118-9A3C-4A96-91BB-DAC3D8466180}.Debug|Any CPU.Deploy.0 = Debug|Any CPU
		{EEE8F118-9A3C-4A96-91BB-DAC3D8466180}.Release|Any CPU.ActiveCfg = Release|Any CPU
		{EEE8F118-9A3C-4A96-91BB-DAC3D8466180}.Release|Any CPU.Build.0 = Release|Any CPU
		{EEE8F118-9A3C-4A96-91BB-DAC3D8466180}.Release|Any CPU.Deploy.0 = Release|Any CPU
		{419E8950-9BD0-4BCC-A9D0-0A7478AB4755}.Debug|Any CPU.ActiveCfg = Debug|Any CPU
		{419E8950-9BD0-4BCC-A9D0-0A7478AB4755}.Debug|Any CPU.Build.0 = Debug|Any CPU
		{419E8950-9BD0-4BCC-A9D0-0A7478AB4755}.Release|Any CPU.ActiveCfg = Release|Any CPU
		{419E8950-9BD0-4BCC-A9D0-0A7478AB4755}.Release|Any CPU.Build.0 = Release|Any CPU
	EndGlobalSection
	GlobalSection(SolutionProperties) = preSolution
		HideSolutionNode = FALSE
	EndGlobalSection
	GlobalSection(ExtensibilityGlobals) = postSolution
		SolutionGuid = {3838A987-BED5-4A51-996F-DADB65A6E035}
	EndGlobalSection
EndGlobal
